
Microsoft Visual Studio Solution File, Format Version 12.00
# Visual Studio Version 16
VisualStudioVersion = 16.0.31829.152
MinimumVisualStudioVersion = 10.0.40219.1
Project("{2150E333-8FDC-42A3-9474-1A3956D46DE8}") = "Solution Items", "Solution Items", "{A000A2E4-D684-484F-8651-AE7F3577FF3A}"
	ProjectSection(SolutionItems) = preProject
		README.md = README.md
	EndProjectSection
EndProject
Project("{2150E333-8FDC-42A3-9474-1A3956D46DE8}") = "Tests", "Tests", "{94CE1867-A54B-4FD2-AFB6-3F55151C6B5E}"
EndProject
Project("{FAE04EC0-301F-11D3-BF4B-00C04F79EFBC}") = "Extensions.Options.AutoBinder", "src\Extensions.Options.AutoBinder\Extensions.Options.AutoBinder.csproj", "{8D337AF2-9CD2-463F-84D5-9B89184AB073}"
EndProject
Project("{FAE04EC0-301F-11D3-BF4B-00C04F79EFBC}") = "Extensions.Options.AutoBinder.Tests", "test\Extensions.Options.AutoBinder.Tests\Extensions.Options.AutoBinder.Tests.csproj", "{DED8B6AF-CFBA-477C-97AF-6C2C2925B561}"
EndProject
Global
	GlobalSection(SolutionConfigurationPlatforms) = preSolution
		Debug|Any CPU = Debug|Any CPU
		Release|Any CPU = Release|Any CPU
	EndGlobalSection
	GlobalSection(ProjectConfigurationPlatforms) = postSolution
		{8D337AF2-9CD2-463F-84D5-9B89184AB073}.Debug|Any CPU.ActiveCfg = Debug|Any CPU
		{8D337AF2-9CD2-463F-84D5-9B89184AB073}.Debug|Any CPU.Build.0 = Debug|Any CPU
		{8D337AF2-9CD2-463F-84D5-9B89184AB073}.Release|Any CPU.ActiveCfg = Release|Any CPU
		{8D337AF2-9CD2-463F-84D5-9B89184AB073}.Release|Any CPU.Build.0 = Release|Any CPU
		{DED8B6AF-CFBA-477C-97AF-6C2C2925B561}.Debug|Any CPU.ActiveCfg = Debug|Any CPU
		{DED8B6AF-CFBA-477C-97AF-6C2C2925B561}.Debug|Any CPU.Build.0 = Debug|Any CPU
		{DED8B6AF-CFBA-477C-97AF-6C2C2925B561}.Release|Any CPU.ActiveCfg = Release|Any CPU
		{DED8B6AF-CFBA-477C-97AF-6C2C2925B561}.Release|Any CPU.Build.0 = Release|Any CPU
	EndGlobalSection
	GlobalSection(SolutionProperties) = preSolution
		HideSolutionNode = FALSE
	EndGlobalSection
	GlobalSection(NestedProjects) = preSolution
		{DED8B6AF-CFBA-477C-97AF-6C2C2925B561} = {94CE1867-A54B-4FD2-AFB6-3F55151C6B5E}
	EndGlobalSection
	GlobalSection(ExtensibilityGlobals) = postSolution
		SolutionGuid = {0A026189-7CA1-4703-8767-EE357BC36454}
	EndGlobalSection
EndGlobal
